
Microsoft Visual Studio Solution File, Format Version 12.00
# Visual Studio Version 17
VisualStudioVersion = 17.10.35013.160
MinimumVisualStudioVersion = 10.0.40219.1
Project("{FAE04EC0-301F-11D3-BF4B-00C04F79EFBC}") = "ConsoleApp1MAX", "ConsoleApp1MAX\ConsoleApp1MAX.csproj", "{03914192-6248-4347-821D-01C95A97E80F}"
EndProject
Global
	GlobalSection(SolutionConfigurationPlatforms) = preSolution
		Debug|Any CPU = Debug|Any CPU
		Release|Any CPU = Release|Any CPU
	EndGlobalSection
	GlobalSection(ProjectConfigurationPlatforms) = postSolution
		{03914192-6248-4347-821D-01C95A97E80F}.Debug|Any CPU.ActiveCfg = Debug|Any CPU
		{03914192-6248-4347-821D-01C95A97E80F}.Debug|Any CPU.Build.0 = Debug|Any CPU
		{03914192-6248-4347-821D-01C95A97E80F}.Release|Any CPU.ActiveCfg = Release|Any CPU
		{03914192-6248-4347-821D-01C95A97E80F}.Release|Any CPU.Build.0 = Release|Any CPU
	EndGlobalSection
	GlobalSection(SolutionProperties) = preSolution
		HideSolutionNode = FALSE
	EndGlobalSection
	GlobalSection(ExtensibilityGlobals) = postSolution
		SolutionGuid = {0EB8DB4C-7098-4237-8138-C5F021DCE7D3}
	EndGlobalSection
EndGlobal
